
Microsoft Visual Studio Solution File, Format Version 12.00
# Visual Studio Version 16
VisualStudioVersion = 16.0.31424.327
MinimumVisualStudioVersion = 10.0.40219.1
Project("{9A19103F-16F7-4668-BE54-9A1E7A4F7556}") = "kscr-runtime", "kscr-runtime\kscr-runtime.csproj", "{9606D274-2D07-434C-88BE-F725F018B277}"
EndProject
Project("{9A19103F-16F7-4668-BE54-9A1E7A4F7556}") = "kscr-core", "kscr-core\kscr-core.csproj", "{A6218D05-C633-4950-A29F-BACCF941FADB}"
EndProject
Project("{FAE04EC0-301F-11D3-BF4B-00C04F79EFBC}") = "kscr-compiler", "kscr-compiler\kscr-compiler.csproj", "{3F673941-7FC3-41FE-9377-0FF1B9275848}"
EndProject
Project("{FAE04EC0-301F-11D3-BF4B-00C04F79EFBC}") = "kscr-test", "kscr-test\kscr-test.csproj", "{DE278AE9-DBB8-491D-8E0F-A78A1089BD87}"
EndProject
Project("{FAE04EC0-301F-11D3-BF4B-00C04F79EFBC}") = "kscr-native", "kscr-native\kscr-native.csproj", "{300AF4EE-87C2-4578-A6C4-EF4700943FDB}"
EndProject
Project("{FAE04EC0-301F-11D3-BF4B-00C04F79EFBC}") = "kscr-system", "kscr-system\kscr-system.csproj", "{577D83CA-1BE1-413A-B952-882DE3E64755}"
EndProject
Project("{FAE04EC0-301F-11D3-BF4B-00C04F79EFBC}") = "kscr-build", "kscr-build\kscr-build.csproj", "{0BF0C0BB-B3A7-4013-BBB6-3689920B3305}"
EndProject
Project("{FAE04EC0-301F-11D3-BF4B-00C04F79EFBC}") = "kscr-lang-server", "kscr-lang-server\kscr-lang-server.csproj", "{8F75C3E7-3788-47DA-8313-4C7051D5D342}"
EndProject
Project("{FAE04EC0-301F-11D3-BF4B-00C04F79EFBC}") = "kscr-bytecode", "kscr-bytecode\kscr-bytecode.csproj", "{CAAA6917-1F14-43F3-A1BF-4DAAD6D3B634}"
EndProject
Project("{2150E333-8FDC-42A3-9474-1A3956D46DE8}") = "Modules", "Modules", "{30E315C1-FDAA-4F5E-8100-B5BB65D37B55}"
EndProject
Project("{2150E333-8FDC-42A3-9474-1A3956D46DE8}") = "Core", "Core", "{660D1044-8B67-4C1A-8952-77A7707D14AD}"
EndProject
Project("{2150E333-8FDC-42A3-9474-1A3956D46DE8}") = "Other", "Other", "{BCE9FFFF-7A44-4FFF-A877-A1C5076A2847}"
EndProject
Project("{FAE04EC0-301F-11D3-BF4B-00C04F79EFBC}") = "common", "..\c#\csapi\common\common.csproj", "{56EBD0C9-B584-465D-9AF9-D4EF342FBE88}"
EndProject
Project("{8BC9CEB8-8B4A-11D0-8D11-00A0C91BC942}") = "kscr-starter", "kscr-starter\kscr-starter.vcxproj", "{A762711A-74CF-4D75-A0F9-2A3B8A057FD8}"
EndProject
Global
	GlobalSection(SolutionConfigurationPlatforms) = preSolution
		Debug|Any CPU = Debug|Any CPU
		Release|Any CPU = Release|Any CPU
	EndGlobalSection
	GlobalSection(ProjectConfigurationPlatforms) = postSolution
		{9606D274-2D07-434C-88BE-F725F018B277}.Debug|Any CPU.ActiveCfg = Debug|Any CPU
		{9606D274-2D07-434C-88BE-F725F018B277}.Debug|Any CPU.Build.0 = Debug|Any CPU
		{9606D274-2D07-434C-88BE-F725F018B277}.Release|Any CPU.ActiveCfg = Release|Any CPU
		{9606D274-2D07-434C-88BE-F725F018B277}.Release|Any CPU.Build.0 = Release|Any CPU
		{A6218D05-C633-4950-A29F-BACCF941FADB}.Debug|Any CPU.ActiveCfg = Debug|Any CPU
		{A6218D05-C633-4950-A29F-BACCF941FADB}.Debug|Any CPU.Build.0 = Debug|Any CPU
		{A6218D05-C633-4950-A29F-BACCF941FADB}.Release|Any CPU.ActiveCfg = Release|Any CPU
		{A6218D05-C633-4950-A29F-BACCF941FADB}.Release|Any CPU.Build.0 = Release|Any CPU
		{3F673941-7FC3-41FE-9377-0FF1B9275848}.Debug|Any CPU.ActiveCfg = Debug|Any CPU
		{3F673941-7FC3-41FE-9377-0FF1B9275848}.Debug|Any CPU.Build.0 = Debug|Any CPU
		{3F673941-7FC3-41FE-9377-0FF1B9275848}.Release|Any CPU.ActiveCfg = Release|Any CPU
		{3F673941-7FC3-41FE-9377-0FF1B9275848}.Release|Any CPU.Build.0 = Release|Any CPU
		{DE278AE9-DBB8-491D-8E0F-A78A1089BD87}.Debug|Any CPU.ActiveCfg = Debug|Any CPU
		{DE278AE9-DBB8-491D-8E0F-A78A1089BD87}.Debug|Any CPU.Build.0 = Debug|Any CPU
		{DE278AE9-DBB8-491D-8E0F-A78A1089BD87}.Release|Any CPU.ActiveCfg = Release|Any CPU
		{DE278AE9-DBB8-491D-8E0F-A78A1089BD87}.Release|Any CPU.Build.0 = Release|Any CPU
		{300AF4EE-87C2-4578-A6C4-EF4700943FDB}.Debug|Any CPU.ActiveCfg = Debug|Any CPU
		{300AF4EE-87C2-4578-A6C4-EF4700943FDB}.Debug|Any CPU.Build.0 = Debug|Any CPU
		{300AF4EE-87C2-4578-A6C4-EF4700943FDB}.Release|Any CPU.ActiveCfg = Release|Any CPU
		{300AF4EE-87C2-4578-A6C4-EF4700943FDB}.Release|Any CPU.Build.0 = Release|Any CPU
		{577D83CA-1BE1-413A-B952-882DE3E64755}.Debug|Any CPU.ActiveCfg = Debug|Any CPU
		{577D83CA-1BE1-413A-B952-882DE3E64755}.Debug|Any CPU.Build.0 = Debug|Any CPU
		{577D83CA-1BE1-413A-B952-882DE3E64755}.Release|Any CPU.ActiveCfg = Release|Any CPU
		{577D83CA-1BE1-413A-B952-882DE3E64755}.Release|Any CPU.Build.0 = Release|Any CPU
		{0BF0C0BB-B3A7-4013-BBB6-3689920B3305}.Debug|Any CPU.ActiveCfg = Debug|Any CPU
		{0BF0C0BB-B3A7-4013-BBB6-3689920B3305}.Debug|Any CPU.Build.0 = Debug|Any CPU
		{0BF0C0BB-B3A7-4013-BBB6-3689920B3305}.Release|Any CPU.ActiveCfg = Release|Any CPU
		{0BF0C0BB-B3A7-4013-BBB6-3689920B3305}.Release|Any CPU.Build.0 = Release|Any CPU
		{8F75C3E7-3788-47DA-8313-4C7051D5D342}.Debug|Any CPU.ActiveCfg = Debug|Any CPU
		{8F75C3E7-3788-47DA-8313-4C7051D5D342}.Debug|Any CPU.Build.0 = Debug|Any CPU
		{8F75C3E7-3788-47DA-8313-4C7051D5D342}.Release|Any CPU.ActiveCfg = Release|Any CPU
		{8F75C3E7-3788-47DA-8313-4C7051D5D342}.Release|Any CPU.Build.0 = Release|Any CPU
		{CAAA6917-1F14-43F3-A1BF-4DAAD6D3B634}.Debug|Any CPU.ActiveCfg = Debug|Any CPU
		{CAAA6917-1F14-43F3-A1BF-4DAAD6D3B634}.Debug|Any CPU.Build.0 = Debug|Any CPU
		{CAAA6917-1F14-43F3-A1BF-4DAAD6D3B634}.Release|Any CPU.ActiveCfg = Release|Any CPU
		{CAAA6917-1F14-43F3-A1BF-4DAAD6D3B634}.Release|Any CPU.Build.0 = Release|Any CPU
		{56EBD0C9-B584-465D-9AF9-D4EF342FBE88}.Debug|Any CPU.ActiveCfg = Debug|Any CPU
		{56EBD0C9-B584-465D-9AF9-D4EF342FBE88}.Debug|Any CPU.Build.0 = Debug|Any CPU
		{56EBD0C9-B584-465D-9AF9-D4EF342FBE88}.Release|Any CPU.ActiveCfg = Release|Any CPU
		{56EBD0C9-B584-465D-9AF9-D4EF342FBE88}.Release|Any CPU.Build.0 = Release|Any CPU
		{A762711A-74CF-4D75-A0F9-2A3B8A057FD8}.Debug|Any CPU.ActiveCfg = Debug|Win32
		{A762711A-74CF-4D75-A0F9-2A3B8A057FD8}.Debug|Any CPU.Build.0 = Debug|Win32
		{A762711A-74CF-4D75-A0F9-2A3B8A057FD8}.Release|Any CPU.ActiveCfg = Release|Win32
		{A762711A-74CF-4D75-A0F9-2A3B8A057FD8}.Release|Any CPU.Build.0 = Release|Win32
	EndGlobalSection
	GlobalSection(SolutionProperties) = preSolution
		HideSolutionNode = FALSE
	EndGlobalSection
	GlobalSection(ExtensibilityGlobals) = postSolution
		SolutionGuid = {FC2B0380-B6FA-4BA3-B9DD-081E9B98F3B9}
	EndGlobalSection
	GlobalSection(RiderSharedRunConfigurations) = postSolution
		File = Test Runtime.run.xml
		File = Compile System Package.run.xml
		File = Test Compile.run.xml
		File = Test Execute.run.xml
		File = Build std & Execute.run.xml
		File = Compile & Run.run.xml
		File = Test Install.run.xml
		File = Test Build - dependencies.run.xml
		File = Test Build - info.run.xml
		File = Test Build - build.run.xml
		File = Test Build - run.run.xml
		File = Test Starter.run.xml
		File = Test Build - dist.run.xml
	EndGlobalSection
	GlobalSection(NestedProjects) = preSolution
		{8F75C3E7-3788-47DA-8313-4C7051D5D342} = {BCE9FFFF-7A44-4FFF-A877-A1C5076A2847}
		{3F673941-7FC3-41FE-9377-0FF1B9275848} = {660D1044-8B67-4C1A-8952-77A7707D14AD}
		{A6218D05-C633-4950-A29F-BACCF941FADB} = {660D1044-8B67-4C1A-8952-77A7707D14AD}
		{CAAA6917-1F14-43F3-A1BF-4DAAD6D3B634} = {660D1044-8B67-4C1A-8952-77A7707D14AD}
		{577D83CA-1BE1-413A-B952-882DE3E64755} = {660D1044-8B67-4C1A-8952-77A7707D14AD}
		{9606D274-2D07-434C-88BE-F725F018B277} = {660D1044-8B67-4C1A-8952-77A7707D14AD}
		{300AF4EE-87C2-4578-A6C4-EF4700943FDB} = {30E315C1-FDAA-4F5E-8100-B5BB65D37B55}
		{DE278AE9-DBB8-491D-8E0F-A78A1089BD87} = {BCE9FFFF-7A44-4FFF-A877-A1C5076A2847}
		{0BF0C0BB-B3A7-4013-BBB6-3689920B3305} = {30E315C1-FDAA-4F5E-8100-B5BB65D37B55}
		{56EBD0C9-B584-465D-9AF9-D4EF342FBE88} = {BCE9FFFF-7A44-4FFF-A877-A1C5076A2847}
		{A762711A-74CF-4D75-A0F9-2A3B8A057FD8} = {BCE9FFFF-7A44-4FFF-A877-A1C5076A2847}
	EndGlobalSection
EndGlobal
